// !$*UTF8*$!
{
	archiveVersion = 1;
	classes = {
	};
	objectVersion = 48;
	objects = {

/* Begin PBXBuildFile section */
		A3094335200255FA00C86DA6 /* MediaTableViewCell.xib in Resources */ = {isa = PBXBuildFile; fileRef = A3094334200255FA00C86DA6 /* MediaTableViewCell.xib */; };
		A3094337200257A000C86DA6 /* MediaTableViewCell.swift in Sources */ = {isa = PBXBuildFile; fileRef = A3094336200257A000C86DA6 /* MediaTableViewCell.swift */; };
		A32380791FF918E5000321B5 /* AppDelegate.swift in Sources */ = {isa = PBXBuildFile; fileRef = A32380781FF918E5000321B5 /* AppDelegate.swift */; };
		A323807B1FF918E5000321B5 /* LoginViewController.swift in Sources */ = {isa = PBXBuildFile; fileRef = A323807A1FF918E5000321B5 /* LoginViewController.swift */; };
		A323807E1FF918E5000321B5 /* Main.storyboard in Resources */ = {isa = PBXBuildFile; fileRef = A323807C1FF918E5000321B5 /* Main.storyboard */; };
		A32380811FF918E5000321B5 /* Pulse.xcdatamodeld in Sources */ = {isa = PBXBuildFile; fileRef = A323807F1FF918E5000321B5 /* Pulse.xcdatamodeld */; };
		A32380831FF918E5000321B5 /* Assets.xcassets in Resources */ = {isa = PBXBuildFile; fileRef = A32380821FF918E5000321B5 /* Assets.xcassets */; };
		A32380861FF918E5000321B5 /* LaunchScreen.storyboard in Resources */ = {isa = PBXBuildFile; fileRef = A32380841FF918E5000321B5 /* LaunchScreen.storyboard */; };
		A32380911FF918E5000321B5 /* PulseTests.swift in Sources */ = {isa = PBXBuildFile; fileRef = A32380901FF918E5000321B5 /* PulseTests.swift */; };
		A323809C1FF918E5000321B5 /* PulseUITests.swift in Sources */ = {isa = PBXBuildFile; fileRef = A323809B1FF918E5000321B5 /* PulseUITests.swift */; };
		A37EEDD81FFBBE7300DC0B23 /* Account.swift in Sources */ = {isa = PBXBuildFile; fileRef = A37EEDD71FFBBE7300DC0B23 /* Account.swift */; };
		A37EEDDA1FFBBE8600DC0B23 /* Settings.swift in Sources */ = {isa = PBXBuildFile; fileRef = A37EEDD91FFBBE8600DC0B23 /* Settings.swift */; };
		A37EEDDD1FFBC2A600DC0B23 /* EncryptionUtils.swift in Sources */ = {isa = PBXBuildFile; fileRef = A37EEDDC1FFBC2A600DC0B23 /* EncryptionUtils.swift */; };
		A37EEDDF1FFBC2B500DC0B23 /* KeyUtils.swift in Sources */ = {isa = PBXBuildFile; fileRef = A37EEDDE1FFBC2B500DC0B23 /* KeyUtils.swift */; };
		A385EDE41FFFDE61000C3F25 /* SentMessageTableViewCell.xib in Resources */ = {isa = PBXBuildFile; fileRef = A385EDE31FFFDE61000C3F25 /* SentMessageTableViewCell.xib */; };
		A385EDE61FFFF3AE000C3F25 /* ReceivedMessageTableViewCell.xib in Resources */ = {isa = PBXBuildFile; fileRef = A385EDE51FFFF3AD000C3F25 /* ReceivedMessageTableViewCell.xib */; };
		A385EDE81FFFF3BC000C3F25 /* ReceivedMessageTableViewCell.swift in Sources */ = {isa = PBXBuildFile; fileRef = A385EDE71FFFF3BC000C3F25 /* ReceivedMessageTableViewCell.swift */; };
		A385EDEA1FFFF5AE000C3F25 /* MessageTableViewCell.swift in Sources */ = {isa = PBXBuildFile; fileRef = A385EDE91FFFF5AE000C3F25 /* MessageTableViewCell.swift */; };
		A385EDED20002C55000C3F25 /* CellIdentifier.swift in Sources */ = {isa = PBXBuildFile; fileRef = A385EDEC20002C55000C3F25 /* CellIdentifier.swift */; };
		A385EDEF20002F02000C3F25 /* SwipeActionGenerator.swift in Sources */ = {isa = PBXBuildFile; fileRef = A385EDEE20002F02000C3F25 /* SwipeActionGenerator.swift */; };
		A385EDF1200031C6000C3F25 /* SectionViewGenerator.swift in Sources */ = {isa = PBXBuildFile; fileRef = A385EDF0200031C6000C3F25 /* SectionViewGenerator.swift */; };
		A3A47FE11FFAD03800F72313 /* PulseApi.swift in Sources */ = {isa = PBXBuildFile; fileRef = A3A47FE01FFAD03800F72313 /* PulseApi.swift */; };
		A3A47FE41FFADDF900F72313 /* LoginResponse.swift in Sources */ = {isa = PBXBuildFile; fileRef = A3A47FE31FFADDF900F72313 /* LoginResponse.swift */; };
		A3A47FE61FFADE8E00F72313 /* ResponseObjectSerializable.swift in Sources */ = {isa = PBXBuildFile; fileRef = A3A47FE51FFADE8E00F72313 /* ResponseObjectSerializable.swift */; };
		A3A47FE81FFADEFF00F72313 /* BackendError.swift in Sources */ = {isa = PBXBuildFile; fileRef = A3A47FE71FFADEFF00F72313 /* BackendError.swift */; };
		A3A47FEA1FFAE5C600F72313 /* ResponseCollectionSerializable.swift in Sources */ = {isa = PBXBuildFile; fileRef = A3A47FE91FFAE5C600F72313 /* ResponseCollectionSerializable.swift */; };
		A3A47FED1FFAE61800F72313 /* DataRequest.swift in Sources */ = {isa = PBXBuildFile; fileRef = A3A47FEC1FFAE61800F72313 /* DataRequest.swift */; };
		A3A47FEF1FFAE65200F72313 /* Conversation.swift in Sources */ = {isa = PBXBuildFile; fileRef = A3A47FEE1FFAE65200F72313 /* Conversation.swift */; };
		A3ABB64A1FFD7665009ECADC /* ConversationSection.swift in Sources */ = {isa = PBXBuildFile; fileRef = A3ABB6491FFD7665009ECADC /* ConversationSection.swift */; };
		A3ABB64C1FFD7D4F009ECADC /* DataProvider.swift in Sources */ = {isa = PBXBuildFile; fileRef = A3ABB64B1FFD7D4F009ECADC /* DataProvider.swift */; };
		A3ABB64E1FFD826F009ECADC /* TimeUtils.swift in Sources */ = {isa = PBXBuildFile; fileRef = A3ABB64D1FFD826F009ECADC /* TimeUtils.swift */; };
		A3B2B4B720010AA100BE0CCC /* AppOpenedUpdateHelper.swift in Sources */ = {isa = PBXBuildFile; fileRef = A3B2B4B620010AA100BE0CCC /* AppOpenedUpdateHelper.swift */; };
		A3B2B4BA20016E9100BE0CCC /* SentImageTableViewCell.xib in Resources */ = {isa = PBXBuildFile; fileRef = A3B2B4B820016E9000BE0CCC /* SentImageTableViewCell.xib */; };
		A3B2B4BB20016E9100BE0CCC /* ReceivedImageTableViewCell.xib in Resources */ = {isa = PBXBuildFile; fileRef = A3B2B4B920016E9100BE0CCC /* ReceivedImageTableViewCell.xib */; };
		A3B2B4BD20016EFB00BE0CCC /* ReceivedImageTableViewCell.swift in Sources */ = {isa = PBXBuildFile; fileRef = A3B2B4BC20016EFB00BE0CCC /* ReceivedImageTableViewCell.swift */; };
		A3B2B4BF20016F0D00BE0CCC /* SentImageTableViewCell.swift in Sources */ = {isa = PBXBuildFile; fileRef = A3B2B4BE20016F0D00BE0CCC /* SentImageTableViewCell.swift */; };
		A3CBFDE71FFC1BDD00B439C4 /* ConversationTableViewCell.swift in Sources */ = {isa = PBXBuildFile; fileRef = A3CBFDE61FFC1BDD00B439C4 /* ConversationTableViewCell.swift */; };
		A3CBFDEA1FFC1E6B00B439C4 /* ConversationTableViewController.swift in Sources */ = {isa = PBXBuildFile; fileRef = A3CBFDE91FFC1E6B00B439C4 /* ConversationTableViewController.swift */; };
		A3CBFDED1FFC25A600B439C4 /* ColorUtils.swift in Sources */ = {isa = PBXBuildFile; fileRef = A3CBFDEC1FFC25A600B439C4 /* ColorUtils.swift */; };
		A3CBFDEF1FFC260700B439C4 /* ImageUtils.swift in Sources */ = {isa = PBXBuildFile; fileRef = A3CBFDEE1FFC260700B439C4 /* ImageUtils.swift */; };
		A3CBFDF11FFC308B00B439C4 /* MessengerNavigationController.swift in Sources */ = {isa = PBXBuildFile; fileRef = A3CBFDF01FFC308B00B439C4 /* MessengerNavigationController.swift */; };
		A3CBFDF31FFC311E00B439C4 /* LoginNavigationController.swift in Sources */ = {isa = PBXBuildFile; fileRef = A3CBFDF21FFC311E00B439C4 /* LoginNavigationController.swift */; };
		A3E8E5421FFE892F00FB6CCA /* ConversationsRoute.swift in Sources */ = {isa = PBXBuildFile; fileRef = A3E8E5411FFE892F00FB6CCA /* ConversationsRoute.swift */; };
		A3E8E5441FFE893D00FB6CCA /* BaseRoute.swift in Sources */ = {isa = PBXBuildFile; fileRef = A3E8E5431FFE893D00FB6CCA /* BaseRoute.swift */; };
		A3E8E5461FFE8ADC00FB6CCA /* AccountsRoute.swift in Sources */ = {isa = PBXBuildFile; fileRef = A3E8E5451FFE8ADC00FB6CCA /* AccountsRoute.swift */; };
		A3E8E5481FFEA97F00FB6CCA /* Message.swift in Sources */ = {isa = PBXBuildFile; fileRef = A3E8E5471FFEA97F00FB6CCA /* Message.swift */; };
		A3E8E54C1FFEAB4000FB6CCA /* MessagesRoute.swift in Sources */ = {isa = PBXBuildFile; fileRef = A3E8E54B1FFEAB4000FB6CCA /* MessagesRoute.swift */; };
		A3E8E5511FFEB06800FB6CCA /* MessageTableViewController.swift in Sources */ = {isa = PBXBuildFile; fileRef = A3E8E5501FFEB06800FB6CCA /* MessageTableViewController.swift */; };
		A3E8E5531FFEB07200FB6CCA /* SentMessageTableViewCell.swift in Sources */ = {isa = PBXBuildFile; fileRef = A3E8E5521FFEB07200FB6CCA /* SentMessageTableViewCell.swift */; };
		A3E8E5551FFEFB3800FB6CCA /* ViewUtils.swift in Sources */ = {isa = PBXBuildFile; fileRef = A3E8E5541FFEFB3800FB6CCA /* ViewUtils.swift */; };
		B2FB3E9BD5E6B1727A30F857 /* Pods_PulseUITests.framework in Frameworks */ = {isa = PBXBuildFile; fileRef = 3F838AF0BCAE988971148362 /* Pods_PulseUITests.framework */; };
		C747314DA2CC55106CB68B6D /* Pods_Pulse.framework in Frameworks */ = {isa = PBXBuildFile; fileRef = 746C50C204838A9CE62146B0 /* Pods_Pulse.framework */; };
		F419450C8CDEEC4EC4C53F9B /* Pods_PulseTests.framework in Frameworks */ = {isa = PBXBuildFile; fileRef = 49DC997D327DB5940F96B486 /* Pods_PulseTests.framework */; };
/* End PBXBuildFile section */

/* Begin PBXContainerItemProxy section */
		A323808D1FF918E5000321B5 /* PBXContainerItemProxy */ = {
			isa = PBXContainerItemProxy;
			containerPortal = A323806D1FF918E5000321B5 /* Project object */;
			proxyType = 1;
			remoteGlobalIDString = A32380741FF918E5000321B5;
			remoteInfo = Pulse;
		};
		A32380981FF918E5000321B5 /* PBXContainerItemProxy */ = {
			isa = PBXContainerItemProxy;
			containerPortal = A323806D1FF918E5000321B5 /* Project object */;
			proxyType = 1;
			remoteGlobalIDString = A32380741FF918E5000321B5;
			remoteInfo = Pulse;
		};
/* End PBXContainerItemProxy section */

/* Begin PBXFileReference section */
		3C02D50C1072955985FB5BCA /* Pods-PulseTests.debug.xcconfig */ = {isa = PBXFileReference; includeInIndex = 1; lastKnownFileType = text.xcconfig; name = "Pods-PulseTests.debug.xcconfig"; path = "Pods/Target Support Files/Pods-PulseTests/Pods-PulseTests.debug.xcconfig"; sourceTree = "<group>"; };
		3E5CE5749DE78EBF733EE622 /* Pods-PulseUITests.release.xcconfig */ = {isa = PBXFileReference; includeInIndex = 1; lastKnownFileType = text.xcconfig; name = "Pods-PulseUITests.release.xcconfig"; path = "Pods/Target Support Files/Pods-PulseUITests/Pods-PulseUITests.release.xcconfig"; sourceTree = "<group>"; };
		3F838AF0BCAE988971148362 /* Pods_PulseUITests.framework */ = {isa = PBXFileReference; explicitFileType = wrapper.framework; includeInIndex = 0; path = Pods_PulseUITests.framework; sourceTree = BUILT_PRODUCTS_DIR; };
		49DC997D327DB5940F96B486 /* Pods_PulseTests.framework */ = {isa = PBXFileReference; explicitFileType = wrapper.framework; includeInIndex = 0; path = Pods_PulseTests.framework; sourceTree = BUILT_PRODUCTS_DIR; };
		609BD10075FC175689E3AFCE /* Pods-Pulse.release.xcconfig */ = {isa = PBXFileReference; includeInIndex = 1; lastKnownFileType = text.xcconfig; name = "Pods-Pulse.release.xcconfig"; path = "Pods/Target Support Files/Pods-Pulse/Pods-Pulse.release.xcconfig"; sourceTree = "<group>"; };
		6CD7F1BD777973ACAD94A5E0 /* Pods-Pulse.debug.xcconfig */ = {isa = PBXFileReference; includeInIndex = 1; lastKnownFileType = text.xcconfig; name = "Pods-Pulse.debug.xcconfig"; path = "Pods/Target Support Files/Pods-Pulse/Pods-Pulse.debug.xcconfig"; sourceTree = "<group>"; };
		746C50C204838A9CE62146B0 /* Pods_Pulse.framework */ = {isa = PBXFileReference; explicitFileType = wrapper.framework; includeInIndex = 0; path = Pods_Pulse.framework; sourceTree = BUILT_PRODUCTS_DIR; };
		87838B626A0453639181E815 /* Pods-PulseUITests.debug.xcconfig */ = {isa = PBXFileReference; includeInIndex = 1; lastKnownFileType = text.xcconfig; name = "Pods-PulseUITests.debug.xcconfig"; path = "Pods/Target Support Files/Pods-PulseUITests/Pods-PulseUITests.debug.xcconfig"; sourceTree = "<group>"; };
		8F24AAF75098E94A910D56A5 /* Pods-PulseTests.release.xcconfig */ = {isa = PBXFileReference; includeInIndex = 1; lastKnownFileType = text.xcconfig; name = "Pods-PulseTests.release.xcconfig"; path = "Pods/Target Support Files/Pods-PulseTests/Pods-PulseTests.release.xcconfig"; sourceTree = "<group>"; };
		A3094334200255FA00C86DA6 /* MediaTableViewCell.xib */ = {isa = PBXFileReference; fileEncoding = 4; lastKnownFileType = file.xib; path = MediaTableViewCell.xib; sourceTree = "<group>"; };
		A3094336200257A000C86DA6 /* MediaTableViewCell.swift */ = {isa = PBXFileReference; lastKnownFileType = sourcecode.swift; path = MediaTableViewCell.swift; sourceTree = "<group>"; };
		A32380751FF918E5000321B5 /* Pulse.app */ = {isa = PBXFileReference; explicitFileType = wrapper.application; includeInIndex = 0; path = Pulse.app; sourceTree = BUILT_PRODUCTS_DIR; };
		A32380781FF918E5000321B5 /* AppDelegate.swift */ = {isa = PBXFileReference; lastKnownFileType = sourcecode.swift; path = AppDelegate.swift; sourceTree = "<group>"; };
		A323807A1FF918E5000321B5 /* LoginViewController.swift */ = {isa = PBXFileReference; lastKnownFileType = sourcecode.swift; path = LoginViewController.swift; sourceTree = "<group>"; };
		A323807D1FF918E5000321B5 /* Base */ = {isa = PBXFileReference; lastKnownFileType = file.storyboard; name = Base; path = Base.lproj/Main.storyboard; sourceTree = "<group>"; };
		A32380801FF918E5000321B5 /* Pulse.xcdatamodel */ = {isa = PBXFileReference; lastKnownFileType = wrapper.xcdatamodel; path = Pulse.xcdatamodel; sourceTree = "<group>"; };
		A32380821FF918E5000321B5 /* Assets.xcassets */ = {isa = PBXFileReference; lastKnownFileType = folder.assetcatalog; path = Assets.xcassets; sourceTree = "<group>"; };
		A32380851FF918E5000321B5 /* Base */ = {isa = PBXFileReference; lastKnownFileType = file.storyboard; name = Base; path = Base.lproj/LaunchScreen.storyboard; sourceTree = "<group>"; };
		A32380871FF918E5000321B5 /* Info.plist */ = {isa = PBXFileReference; lastKnownFileType = text.plist.xml; path = Info.plist; sourceTree = "<group>"; };
		A323808C1FF918E5000321B5 /* PulseTests.xctest */ = {isa = PBXFileReference; explicitFileType = wrapper.cfbundle; includeInIndex = 0; path = PulseTests.xctest; sourceTree = BUILT_PRODUCTS_DIR; };
		A32380901FF918E5000321B5 /* PulseTests.swift */ = {isa = PBXFileReference; lastKnownFileType = sourcecode.swift; path = PulseTests.swift; sourceTree = "<group>"; };
		A32380921FF918E5000321B5 /* Info.plist */ = {isa = PBXFileReference; lastKnownFileType = text.plist.xml; path = Info.plist; sourceTree = "<group>"; };
		A32380971FF918E5000321B5 /* PulseUITests.xctest */ = {isa = PBXFileReference; explicitFileType = wrapper.cfbundle; includeInIndex = 0; path = PulseUITests.xctest; sourceTree = BUILT_PRODUCTS_DIR; };
		A323809B1FF918E5000321B5 /* PulseUITests.swift */ = {isa = PBXFileReference; lastKnownFileType = sourcecode.swift; path = PulseUITests.swift; sourceTree = "<group>"; };
		A323809D1FF918E5000321B5 /* Info.plist */ = {isa = PBXFileReference; lastKnownFileType = text.plist.xml; path = Info.plist; sourceTree = "<group>"; };
		A37EEDD71FFBBE7300DC0B23 /* Account.swift */ = {isa = PBXFileReference; lastKnownFileType = sourcecode.swift; path = Account.swift; sourceTree = "<group>"; };
		A37EEDD91FFBBE8600DC0B23 /* Settings.swift */ = {isa = PBXFileReference; lastKnownFileType = sourcecode.swift; path = Settings.swift; sourceTree = "<group>"; };
		A37EEDDC1FFBC2A600DC0B23 /* EncryptionUtils.swift */ = {isa = PBXFileReference; lastKnownFileType = sourcecode.swift; path = EncryptionUtils.swift; sourceTree = "<group>"; };
		A37EEDDE1FFBC2B500DC0B23 /* KeyUtils.swift */ = {isa = PBXFileReference; lastKnownFileType = sourcecode.swift; path = KeyUtils.swift; sourceTree = "<group>"; };
		A385EDE31FFFDE61000C3F25 /* SentMessageTableViewCell.xib */ = {isa = PBXFileReference; fileEncoding = 4; lastKnownFileType = file.xib; path = SentMessageTableViewCell.xib; sourceTree = "<group>"; };
		A385EDE51FFFF3AD000C3F25 /* ReceivedMessageTableViewCell.xib */ = {isa = PBXFileReference; fileEncoding = 4; lastKnownFileType = file.xib; path = ReceivedMessageTableViewCell.xib; sourceTree = "<group>"; };
		A385EDE71FFFF3BC000C3F25 /* ReceivedMessageTableViewCell.swift */ = {isa = PBXFileReference; lastKnownFileType = sourcecode.swift; path = ReceivedMessageTableViewCell.swift; sourceTree = "<group>"; };
		A385EDE91FFFF5AE000C3F25 /* MessageTableViewCell.swift */ = {isa = PBXFileReference; lastKnownFileType = sourcecode.swift; path = MessageTableViewCell.swift; sourceTree = "<group>"; };
		A385EDEC20002C55000C3F25 /* CellIdentifier.swift */ = {isa = PBXFileReference; lastKnownFileType = sourcecode.swift; path = CellIdentifier.swift; sourceTree = "<group>"; };
		A385EDEE20002F02000C3F25 /* SwipeActionGenerator.swift */ = {isa = PBXFileReference; lastKnownFileType = sourcecode.swift; path = SwipeActionGenerator.swift; sourceTree = "<group>"; };
		A385EDF0200031C6000C3F25 /* SectionViewGenerator.swift */ = {isa = PBXFileReference; lastKnownFileType = sourcecode.swift; path = SectionViewGenerator.swift; sourceTree = "<group>"; };
		A3A47FE01FFAD03800F72313 /* PulseApi.swift */ = {isa = PBXFileReference; lastKnownFileType = sourcecode.swift; path = PulseApi.swift; sourceTree = "<group>"; };
		A3A47FE31FFADDF900F72313 /* LoginResponse.swift */ = {isa = PBXFileReference; lastKnownFileType = sourcecode.swift; path = LoginResponse.swift; sourceTree = "<group>"; };
		A3A47FE51FFADE8E00F72313 /* ResponseObjectSerializable.swift */ = {isa = PBXFileReference; lastKnownFileType = sourcecode.swift; path = ResponseObjectSerializable.swift; sourceTree = "<group>"; };
		A3A47FE71FFADEFF00F72313 /* BackendError.swift */ = {isa = PBXFileReference; lastKnownFileType = sourcecode.swift; path = BackendError.swift; sourceTree = "<group>"; };
		A3A47FE91FFAE5C600F72313 /* ResponseCollectionSerializable.swift */ = {isa = PBXFileReference; lastKnownFileType = sourcecode.swift; path = ResponseCollectionSerializable.swift; sourceTree = "<group>"; };
		A3A47FEC1FFAE61800F72313 /* DataRequest.swift */ = {isa = PBXFileReference; lastKnownFileType = sourcecode.swift; path = DataRequest.swift; sourceTree = "<group>"; };
		A3A47FEE1FFAE65200F72313 /* Conversation.swift */ = {isa = PBXFileReference; lastKnownFileType = sourcecode.swift; path = Conversation.swift; sourceTree = "<group>"; };
		A3ABB6491FFD7665009ECADC /* ConversationSection.swift */ = {isa = PBXFileReference; lastKnownFileType = sourcecode.swift; path = ConversationSection.swift; sourceTree = "<group>"; };
		A3ABB64B1FFD7D4F009ECADC /* DataProvider.swift */ = {isa = PBXFileReference; lastKnownFileType = sourcecode.swift; path = DataProvider.swift; sourceTree = "<group>"; };
		A3ABB64D1FFD826F009ECADC /* TimeUtils.swift */ = {isa = PBXFileReference; lastKnownFileType = sourcecode.swift; path = TimeUtils.swift; sourceTree = "<group>"; };
		A3B2B4B620010AA100BE0CCC /* AppOpenedUpdateHelper.swift */ = {isa = PBXFileReference; lastKnownFileType = sourcecode.swift; path = AppOpenedUpdateHelper.swift; sourceTree = "<group>"; };
		A3B2B4B820016E9000BE0CCC /* SentImageTableViewCell.xib */ = {isa = PBXFileReference; fileEncoding = 4; lastKnownFileType = file.xib; path = SentImageTableViewCell.xib; sourceTree = "<group>"; };
		A3B2B4B920016E9100BE0CCC /* ReceivedImageTableViewCell.xib */ = {isa = PBXFileReference; fileEncoding = 4; lastKnownFileType = file.xib; path = ReceivedImageTableViewCell.xib; sourceTree = "<group>"; };
		A3B2B4BC20016EFB00BE0CCC /* ReceivedImageTableViewCell.swift */ = {isa = PBXFileReference; lastKnownFileType = sourcecode.swift; path = ReceivedImageTableViewCell.swift; sourceTree = "<group>"; };
		A3B2B4BE20016F0D00BE0CCC /* SentImageTableViewCell.swift */ = {isa = PBXFileReference; lastKnownFileType = sourcecode.swift; path = SentImageTableViewCell.swift; sourceTree = "<group>"; };
		A3CBFDE61FFC1BDD00B439C4 /* ConversationTableViewCell.swift */ = {isa = PBXFileReference; lastKnownFileType = sourcecode.swift; name = ConversationTableViewCell.swift; path = Pulse/UI/Conversation/ConversationTableViewCell.swift; sourceTree = SOURCE_ROOT; };
		A3CBFDE91FFC1E6B00B439C4 /* ConversationTableViewController.swift */ = {isa = PBXFileReference; lastKnownFileType = sourcecode.swift; path = ConversationTableViewController.swift; sourceTree = "<group>"; };
		A3CBFDEC1FFC25A600B439C4 /* ColorUtils.swift */ = {isa = PBXFileReference; lastKnownFileType = sourcecode.swift; path = ColorUtils.swift; sourceTree = "<group>"; };
		A3CBFDEE1FFC260700B439C4 /* ImageUtils.swift */ = {isa = PBXFileReference; lastKnownFileType = sourcecode.swift; path = ImageUtils.swift; sourceTree = "<group>"; };
		A3CBFDF01FFC308B00B439C4 /* MessengerNavigationController.swift */ = {isa = PBXFileReference; lastKnownFileType = sourcecode.swift; path = MessengerNavigationController.swift; sourceTree = "<group>"; };
		A3CBFDF21FFC311E00B439C4 /* LoginNavigationController.swift */ = {isa = PBXFileReference; lastKnownFileType = sourcecode.swift; path = LoginNavigationController.swift; sourceTree = "<group>"; };
		A3E8E5411FFE892F00FB6CCA /* ConversationsRoute.swift */ = {isa = PBXFileReference; lastKnownFileType = sourcecode.swift; path = ConversationsRoute.swift; sourceTree = "<group>"; };
		A3E8E5431FFE893D00FB6CCA /* BaseRoute.swift */ = {isa = PBXFileReference; lastKnownFileType = sourcecode.swift; path = BaseRoute.swift; sourceTree = "<group>"; };
		A3E8E5451FFE8ADC00FB6CCA /* AccountsRoute.swift */ = {isa = PBXFileReference; lastKnownFileType = sourcecode.swift; path = AccountsRoute.swift; sourceTree = "<group>"; };
		A3E8E5471FFEA97F00FB6CCA /* Message.swift */ = {isa = PBXFileReference; lastKnownFileType = sourcecode.swift; path = Message.swift; sourceTree = "<group>"; };
		A3E8E54B1FFEAB4000FB6CCA /* MessagesRoute.swift */ = {isa = PBXFileReference; lastKnownFileType = sourcecode.swift; path = MessagesRoute.swift; sourceTree = "<group>"; };
		A3E8E5501FFEB06800FB6CCA /* MessageTableViewController.swift */ = {isa = PBXFileReference; lastKnownFileType = sourcecode.swift; path = MessageTableViewController.swift; sourceTree = "<group>"; };
		A3E8E5521FFEB07200FB6CCA /* SentMessageTableViewCell.swift */ = {isa = PBXFileReference; lastKnownFileType = sourcecode.swift; path = SentMessageTableViewCell.swift; sourceTree = "<group>"; };
		A3E8E5541FFEFB3800FB6CCA /* ViewUtils.swift */ = {isa = PBXFileReference; lastKnownFileType = sourcecode.swift; path = ViewUtils.swift; sourceTree = "<group>"; };
/* End PBXFileReference section */

/* Begin PBXFrameworksBuildPhase section */
		A32380721FF918E5000321B5 /* Frameworks */ = {
			isa = PBXFrameworksBuildPhase;
			buildActionMask = 2147483647;
			files = (
				C747314DA2CC55106CB68B6D /* Pods_Pulse.framework in Frameworks */,
			);
			runOnlyForDeploymentPostprocessing = 0;
		};
		A32380891FF918E5000321B5 /* Frameworks */ = {
			isa = PBXFrameworksBuildPhase;
			buildActionMask = 2147483647;
			files = (
				F419450C8CDEEC4EC4C53F9B /* Pods_PulseTests.framework in Frameworks */,
			);
			runOnlyForDeploymentPostprocessing = 0;
		};
		A32380941FF918E5000321B5 /* Frameworks */ = {
			isa = PBXFrameworksBuildPhase;
			buildActionMask = 2147483647;
			files = (
				B2FB3E9BD5E6B1727A30F857 /* Pods_PulseUITests.framework in Frameworks */,
			);
			runOnlyForDeploymentPostprocessing = 0;
		};
/* End PBXFrameworksBuildPhase section */

/* Begin PBXGroup section */
		A323806C1FF918E5000321B5 = {
			isa = PBXGroup;
			children = (
				A32380771FF918E5000321B5 /* Pulse */,
				A323808F1FF918E5000321B5 /* PulseTests */,
				A323809A1FF918E5000321B5 /* PulseUITests */,
				A32380761FF918E5000321B5 /* Products */,
				EB50D8AFAB4FCC387CAD13C2 /* Pods */,
				CFD77C0876C93678AB2DEA84 /* Frameworks */,
			);
			sourceTree = "<group>";
		};
		A32380761FF918E5000321B5 /* Products */ = {
			isa = PBXGroup;
			children = (
				A32380751FF918E5000321B5 /* Pulse.app */,
				A323808C1FF918E5000321B5 /* PulseTests.xctest */,
				A32380971FF918E5000321B5 /* PulseUITests.xctest */,
			);
			name = Products;
			sourceTree = "<group>";
		};
		A32380771FF918E5000321B5 /* Pulse */ = {
			isa = PBXGroup;
			children = (
				A3CBFDEB1FFC259700B439C4 /* Utils */,
				A3CBFDE81FFC1BF100B439C4 /* UI */,
				A37EEDD61FFBBE5C00DC0B23 /* Account */,
				A3A47FE21FFADDEA00F72313 /* Model */,
				A3A47FDF1FFAD01E00F72313 /* API */,
				A3ABB64B1FFD7D4F009ECADC /* DataProvider.swift */,
				A32380781FF918E5000321B5 /* AppDelegate.swift */,
				A323807C1FF918E5000321B5 /* Main.storyboard */,
				A32380841FF918E5000321B5 /* LaunchScreen.storyboard */,
				A32380821FF918E5000321B5 /* Assets.xcassets */,
				A32380871FF918E5000321B5 /* Info.plist */,
				A323807F1FF918E5000321B5 /* Pulse.xcdatamodeld */,
			);
			path = Pulse;
			sourceTree = "<group>";
		};
		A323808F1FF918E5000321B5 /* PulseTests */ = {
			isa = PBXGroup;
			children = (
				A32380901FF918E5000321B5 /* PulseTests.swift */,
				A32380921FF918E5000321B5 /* Info.plist */,
			);
			path = PulseTests;
			sourceTree = "<group>";
		};
		A323809A1FF918E5000321B5 /* PulseUITests */ = {
			isa = PBXGroup;
			children = (
				A323809B1FF918E5000321B5 /* PulseUITests.swift */,
				A323809D1FF918E5000321B5 /* Info.plist */,
			);
			path = PulseUITests;
			sourceTree = "<group>";
		};
		A37EEDD61FFBBE5C00DC0B23 /* Account */ = {
			isa = PBXGroup;
			children = (
				A37EEDDB1FFBC29500DC0B23 /* Encryption */,
				A37EEDD71FFBBE7300DC0B23 /* Account.swift */,
				A37EEDD91FFBBE8600DC0B23 /* Settings.swift */,
			);
			path = Account;
			sourceTree = "<group>";
		};
		A37EEDDB1FFBC29500DC0B23 /* Encryption */ = {
			isa = PBXGroup;
			children = (
				A37EEDDC1FFBC2A600DC0B23 /* EncryptionUtils.swift */,
				A37EEDDE1FFBC2B500DC0B23 /* KeyUtils.swift */,
			);
			path = Encryption;
			sourceTree = "<group>";
		};
		A385EDEB20002B98000C3F25 /* Cells */ = {
			isa = PBXGroup;
			children = (
				A385EDE31FFFDE61000C3F25 /* SentMessageTableViewCell.xib */,
				A3B2B4B820016E9000BE0CCC /* SentImageTableViewCell.xib */,
				A385EDE51FFFF3AD000C3F25 /* ReceivedMessageTableViewCell.xib */,
				A3B2B4B920016E9100BE0CCC /* ReceivedImageTableViewCell.xib */,
				A3094334200255FA00C86DA6 /* MediaTableViewCell.xib */,
				A3E8E5521FFEB07200FB6CCA /* SentMessageTableViewCell.swift */,
				A3B2B4BE20016F0D00BE0CCC /* SentImageTableViewCell.swift */,
				A385EDE71FFFF3BC000C3F25 /* ReceivedMessageTableViewCell.swift */,
				A3B2B4BC20016EFB00BE0CCC /* ReceivedImageTableViewCell.swift */,
				A3094336200257A000C86DA6 /* MediaTableViewCell.swift */,
			);
			path = Cells;
			sourceTree = "<group>";
		};
		A3A47FDF1FFAD01E00F72313 /* API */ = {
			isa = PBXGroup;
			children = (
				A3A47FE01FFAD03800F72313 /* PulseApi.swift */,
				A3A47FE71FFADEFF00F72313 /* BackendError.swift */,
				A3E8E5431FFE893D00FB6CCA /* BaseRoute.swift */,
				A3E8E5401FFE891D00FB6CCA /* Routes */,
				A3A47FEB1FFAE5FA00F72313 /* ResponseSerializer */,
			);
			path = API;
			sourceTree = "<group>";
		};
		A3A47FE21FFADDEA00F72313 /* Model */ = {
			isa = PBXGroup;
			children = (
				A3A47FE31FFADDF900F72313 /* LoginResponse.swift */,
				A3A47FEE1FFAE65200F72313 /* Conversation.swift */,
				A3ABB6491FFD7665009ECADC /* ConversationSection.swift */,
				A3E8E5471FFEA97F00FB6CCA /* Message.swift */,
			);
			path = Model;
			sourceTree = "<group>";
		};
		A3A47FEB1FFAE5FA00F72313 /* ResponseSerializer */ = {
			isa = PBXGroup;
			children = (
				A3A47FE51FFADE8E00F72313 /* ResponseObjectSerializable.swift */,
				A3A47FE91FFAE5C600F72313 /* ResponseCollectionSerializable.swift */,
				A3A47FEC1FFAE61800F72313 /* DataRequest.swift */,
			);
			path = ResponseSerializer;
			sourceTree = "<group>";
		};
		A3CBFDE81FFC1BF100B439C4 /* UI */ = {
			isa = PBXGroup;
			children = (
				A3CBFDF01FFC308B00B439C4 /* MessengerNavigationController.swift */,
				A3E8E54A1FFEAB2A00FB6CCA /* Login */,
				A3E8E5491FFEAB2000FB6CCA /* Conversation */,
				A3E8E54F1FFEB04F00FB6CCA /* Message */,
			);
			path = UI;
			sourceTree = "<group>";
		};
		A3CBFDEB1FFC259700B439C4 /* Utils */ = {
			isa = PBXGroup;
			children = (
				A3CBFDEC1FFC25A600B439C4 /* ColorUtils.swift */,
				A3CBFDEE1FFC260700B439C4 /* ImageUtils.swift */,
				A3ABB64D1FFD826F009ECADC /* TimeUtils.swift */,
				A3E8E5541FFEFB3800FB6CCA /* ViewUtils.swift */,
				A3B2B4B620010AA100BE0CCC /* AppOpenedUpdateHelper.swift */,
			);
			path = Utils;
			sourceTree = "<group>";
		};
		A3E8E5401FFE891D00FB6CCA /* Routes */ = {
			isa = PBXGroup;
			children = (
				A3E8E5411FFE892F00FB6CCA /* ConversationsRoute.swift */,
				A3E8E5451FFE8ADC00FB6CCA /* AccountsRoute.swift */,
				A3E8E54B1FFEAB4000FB6CCA /* MessagesRoute.swift */,
			);
			path = Routes;
			sourceTree = "<group>";
		};
		A3E8E5491FFEAB2000FB6CCA /* Conversation */ = {
			isa = PBXGroup;
			children = (
				A3CBFDE91FFC1E6B00B439C4 /* ConversationTableViewController.swift */,
				A3CBFDE61FFC1BDD00B439C4 /* ConversationTableViewCell.swift */,
				A385EDEE20002F02000C3F25 /* SwipeActionGenerator.swift */,
				A385EDF0200031C6000C3F25 /* SectionViewGenerator.swift */,
			);
			path = Conversation;
			sourceTree = "<group>";
		};
		A3E8E54A1FFEAB2A00FB6CCA /* Login */ = {
			isa = PBXGroup;
			children = (
				A323807A1FF918E5000321B5 /* LoginViewController.swift */,
				A3CBFDF21FFC311E00B439C4 /* LoginNavigationController.swift */,
			);
			path = Login;
			sourceTree = "<group>";
		};
		A3E8E54F1FFEB04F00FB6CCA /* Message */ = {
			isa = PBXGroup;
			children = (
				A3E8E5501FFEB06800FB6CCA /* MessageTableViewController.swift */,
				A385EDEC20002C55000C3F25 /* CellIdentifier.swift */,
				A385EDE91FFFF5AE000C3F25 /* MessageTableViewCell.swift */,
				A385EDEB20002B98000C3F25 /* Cells */,
			);
			path = Message;
			sourceTree = "<group>";
		};
		CFD77C0876C93678AB2DEA84 /* Frameworks */ = {
			isa = PBXGroup;
			children = (
				746C50C204838A9CE62146B0 /* Pods_Pulse.framework */,
				49DC997D327DB5940F96B486 /* Pods_PulseTests.framework */,
				3F838AF0BCAE988971148362 /* Pods_PulseUITests.framework */,
			);
			name = Frameworks;
			sourceTree = "<group>";
		};
		EB50D8AFAB4FCC387CAD13C2 /* Pods */ = {
			isa = PBXGroup;
			children = (
				6CD7F1BD777973ACAD94A5E0 /* Pods-Pulse.debug.xcconfig */,
				609BD10075FC175689E3AFCE /* Pods-Pulse.release.xcconfig */,
				3C02D50C1072955985FB5BCA /* Pods-PulseTests.debug.xcconfig */,
				8F24AAF75098E94A910D56A5 /* Pods-PulseTests.release.xcconfig */,
				87838B626A0453639181E815 /* Pods-PulseUITests.debug.xcconfig */,
				3E5CE5749DE78EBF733EE622 /* Pods-PulseUITests.release.xcconfig */,
			);
			name = Pods;
			sourceTree = "<group>";
		};
/* End PBXGroup section */

/* Begin PBXNativeTarget section */
		A32380741FF918E5000321B5 /* Pulse */ = {
			isa = PBXNativeTarget;
			buildConfigurationList = A32380A01FF918E5000321B5 /* Build configuration list for PBXNativeTarget "Pulse" */;
			buildPhases = (
				C04E1A4DD6A09773416EEABC /* [CP] Check Pods Manifest.lock */,
				A32380711FF918E5000321B5 /* Sources */,
				A32380721FF918E5000321B5 /* Frameworks */,
				A32380731FF918E5000321B5 /* Resources */,
				87A08F38E0F02E1845340997 /* [CP] Embed Pods Frameworks */,
				0EB732A6AA8F21735F2AD87A /* [CP] Copy Pods Resources */,
			);
			buildRules = (
			);
			dependencies = (
			);
			name = Pulse;
			productName = Pulse;
			productReference = A32380751FF918E5000321B5 /* Pulse.app */;
			productType = "com.apple.product-type.application";
		};
		A323808B1FF918E5000321B5 /* PulseTests */ = {
			isa = PBXNativeTarget;
			buildConfigurationList = A32380A31FF918E5000321B5 /* Build configuration list for PBXNativeTarget "PulseTests" */;
			buildPhases = (
				62250A4EC8B3E54E3E0E10C1 /* [CP] Check Pods Manifest.lock */,
				A32380881FF918E5000321B5 /* Sources */,
				A32380891FF918E5000321B5 /* Frameworks */,
				A323808A1FF918E5000321B5 /* Resources */,
				2372CB68AD70305D3418030A /* [CP] Embed Pods Frameworks */,
				6BF8677AD88F7D8F666FD92B /* [CP] Copy Pods Resources */,
			);
			buildRules = (
			);
			dependencies = (
				A323808E1FF918E5000321B5 /* PBXTargetDependency */,
			);
			name = PulseTests;
			productName = PulseTests;
			productReference = A323808C1FF918E5000321B5 /* PulseTests.xctest */;
			productType = "com.apple.product-type.bundle.unit-test";
		};
		A32380961FF918E5000321B5 /* PulseUITests */ = {
			isa = PBXNativeTarget;
			buildConfigurationList = A32380A61FF918E5000321B5 /* Build configuration list for PBXNativeTarget "PulseUITests" */;
			buildPhases = (
				1B3B65097F37C1B568034A4C /* [CP] Check Pods Manifest.lock */,
				A32380931FF918E5000321B5 /* Sources */,
				A32380941FF918E5000321B5 /* Frameworks */,
				A32380951FF918E5000321B5 /* Resources */,
				44F4F5A9C5C30752606C1617 /* [CP] Embed Pods Frameworks */,
				8ABC705D48DBA8B1DC815AD6 /* [CP] Copy Pods Resources */,
			);
			buildRules = (
			);
			dependencies = (
				A32380991FF918E5000321B5 /* PBXTargetDependency */,
			);
			name = PulseUITests;
			productName = PulseUITests;
			productReference = A32380971FF918E5000321B5 /* PulseUITests.xctest */;
			productType = "com.apple.product-type.bundle.ui-testing";
		};
/* End PBXNativeTarget section */

/* Begin PBXProject section */
		A323806D1FF918E5000321B5 /* Project object */ = {
			isa = PBXProject;
			attributes = {
				LastSwiftUpdateCheck = 0920;
				LastUpgradeCheck = 0920;
				ORGANIZATIONNAME = "Luke Klinker";
				TargetAttributes = {
					A32380741FF918E5000321B5 = {
						CreatedOnToolsVersion = 9.2;
						ProvisioningStyle = Automatic;
					};
					A323808B1FF918E5000321B5 = {
						CreatedOnToolsVersion = 9.2;
						ProvisioningStyle = Automatic;
						TestTargetID = A32380741FF918E5000321B5;
					};
					A32380961FF918E5000321B5 = {
						CreatedOnToolsVersion = 9.2;
						ProvisioningStyle = Automatic;
						TestTargetID = A32380741FF918E5000321B5;
					};
				};
			};
			buildConfigurationList = A32380701FF918E5000321B5 /* Build configuration list for PBXProject "Pulse" */;
			compatibilityVersion = "Xcode 8.0";
			developmentRegion = en;
			hasScannedForEncodings = 0;
			knownRegions = (
				en,
				Base,
			);
			mainGroup = A323806C1FF918E5000321B5;
			productRefGroup = A32380761FF918E5000321B5 /* Products */;
			projectDirPath = "";
			projectRoot = "";
			targets = (
				A32380741FF918E5000321B5 /* Pulse */,
				A323808B1FF918E5000321B5 /* PulseTests */,
				A32380961FF918E5000321B5 /* PulseUITests */,
			);
		};
/* End PBXProject section */

/* Begin PBXResourcesBuildPhase section */
		A32380731FF918E5000321B5 /* Resources */ = {
			isa = PBXResourcesBuildPhase;
			buildActionMask = 2147483647;
			files = (
				A32380861FF918E5000321B5 /* LaunchScreen.storyboard in Resources */,
				A385EDE41FFFDE61000C3F25 /* SentMessageTableViewCell.xib in Resources */,
				A3094335200255FA00C86DA6 /* MediaTableViewCell.xib in Resources */,
				A32380831FF918E5000321B5 /* Assets.xcassets in Resources */,
				A323807E1FF918E5000321B5 /* Main.storyboard in Resources */,
				A3B2B4BB20016E9100BE0CCC /* ReceivedImageTableViewCell.xib in Resources */,
				A385EDE61FFFF3AE000C3F25 /* ReceivedMessageTableViewCell.xib in Resources */,
				A3B2B4BA20016E9100BE0CCC /* SentImageTableViewCell.xib in Resources */,
			);
			runOnlyForDeploymentPostprocessing = 0;
		};
		A323808A1FF918E5000321B5 /* Resources */ = {
			isa = PBXResourcesBuildPhase;
			buildActionMask = 2147483647;
			files = (
			);
			runOnlyForDeploymentPostprocessing = 0;
		};
		A32380951FF918E5000321B5 /* Resources */ = {
			isa = PBXResourcesBuildPhase;
			buildActionMask = 2147483647;
			files = (
			);
			runOnlyForDeploymentPostprocessing = 0;
		};
/* End PBXResourcesBuildPhase section */

/* Begin PBXShellScriptBuildPhase section */
		0EB732A6AA8F21735F2AD87A /* [CP] Copy Pods Resources */ = {
			isa = PBXShellScriptBuildPhase;
			buildActionMask = 2147483647;
			files = (
			);
			inputPaths = (
			);
			name = "[CP] Copy Pods Resources";
			outputPaths = (
			);
			runOnlyForDeploymentPostprocessing = 0;
			shellPath = /bin/sh;
			shellScript = "\"${SRCROOT}/Pods/Target Support Files/Pods-Pulse/Pods-Pulse-resources.sh\"\n";
			showEnvVarsInLog = 0;
		};
		1B3B65097F37C1B568034A4C /* [CP] Check Pods Manifest.lock */ = {
			isa = PBXShellScriptBuildPhase;
			buildActionMask = 2147483647;
			files = (
			);
			inputPaths = (
				"${PODS_PODFILE_DIR_PATH}/Podfile.lock",
				"${PODS_ROOT}/Manifest.lock",
			);
			name = "[CP] Check Pods Manifest.lock";
			outputPaths = (
				"$(DERIVED_FILE_DIR)/Pods-PulseUITests-checkManifestLockResult.txt",
			);
			runOnlyForDeploymentPostprocessing = 0;
			shellPath = /bin/sh;
			shellScript = "diff \"${PODS_PODFILE_DIR_PATH}/Podfile.lock\" \"${PODS_ROOT}/Manifest.lock\" > /dev/null\nif [ $? != 0 ] ; then\n    # print error to STDERR\n    echo \"error: The sandbox is not in sync with the Podfile.lock. Run 'pod install' or update your CocoaPods installation.\" >&2\n    exit 1\nfi\n# This output is used by Xcode 'outputs' to avoid re-running this script phase.\necho \"SUCCESS\" > \"${SCRIPT_OUTPUT_FILE_0}\"\n";
			showEnvVarsInLog = 0;
		};
		2372CB68AD70305D3418030A /* [CP] Embed Pods Frameworks */ = {
			isa = PBXShellScriptBuildPhase;
			buildActionMask = 2147483647;
			files = (
			);
			inputPaths = (
			);
			name = "[CP] Embed Pods Frameworks";
			outputPaths = (
			);
			runOnlyForDeploymentPostprocessing = 0;
			shellPath = /bin/sh;
			shellScript = "\"${SRCROOT}/Pods/Target Support Files/Pods-PulseTests/Pods-PulseTests-frameworks.sh\"\n";
			showEnvVarsInLog = 0;
		};
		44F4F5A9C5C30752606C1617 /* [CP] Embed Pods Frameworks */ = {
			isa = PBXShellScriptBuildPhase;
			buildActionMask = 2147483647;
			files = (
			);
			inputPaths = (
			);
			name = "[CP] Embed Pods Frameworks";
			outputPaths = (
			);
			runOnlyForDeploymentPostprocessing = 0;
			shellPath = /bin/sh;
			shellScript = "\"${SRCROOT}/Pods/Target Support Files/Pods-PulseUITests/Pods-PulseUITests-frameworks.sh\"\n";
			showEnvVarsInLog = 0;
		};
		62250A4EC8B3E54E3E0E10C1 /* [CP] Check Pods Manifest.lock */ = {
			isa = PBXShellScriptBuildPhase;
			buildActionMask = 2147483647;
			files = (
			);
			inputPaths = (
				"${PODS_PODFILE_DIR_PATH}/Podfile.lock",
				"${PODS_ROOT}/Manifest.lock",
			);
			name = "[CP] Check Pods Manifest.lock";
			outputPaths = (
				"$(DERIVED_FILE_DIR)/Pods-PulseTests-checkManifestLockResult.txt",
			);
			runOnlyForDeploymentPostprocessing = 0;
			shellPath = /bin/sh;
			shellScript = "diff \"${PODS_PODFILE_DIR_PATH}/Podfile.lock\" \"${PODS_ROOT}/Manifest.lock\" > /dev/null\nif [ $? != 0 ] ; then\n    # print error to STDERR\n    echo \"error: The sandbox is not in sync with the Podfile.lock. Run 'pod install' or update your CocoaPods installation.\" >&2\n    exit 1\nfi\n# This output is used by Xcode 'outputs' to avoid re-running this script phase.\necho \"SUCCESS\" > \"${SCRIPT_OUTPUT_FILE_0}\"\n";
			showEnvVarsInLog = 0;
		};
		6BF8677AD88F7D8F666FD92B /* [CP] Copy Pods Resources */ = {
			isa = PBXShellScriptBuildPhase;
			buildActionMask = 2147483647;
			files = (
			);
			inputPaths = (
			);
			name = "[CP] Copy Pods Resources";
			outputPaths = (
			);
			runOnlyForDeploymentPostprocessing = 0;
			shellPath = /bin/sh;
			shellScript = "\"${SRCROOT}/Pods/Target Support Files/Pods-PulseTests/Pods-PulseTests-resources.sh\"\n";
			showEnvVarsInLog = 0;
		};
		87A08F38E0F02E1845340997 /* [CP] Embed Pods Frameworks */ = {
			isa = PBXShellScriptBuildPhase;
			buildActionMask = 2147483647;
			files = (
			);
			inputPaths = (
				"${SRCROOT}/Pods/Target Support Files/Pods-Pulse/Pods-Pulse-frameworks.sh",
				"${BUILT_PRODUCTS_DIR}/ActiveLabel/ActiveLabel.framework",
				"${BUILT_PRODUCTS_DIR}/Alamofire/Alamofire.framework",
				"${BUILT_PRODUCTS_DIR}/AsyncSwift/Async.framework",
				"${BUILT_PRODUCTS_DIR}/CryptoSwift/CryptoSwift.framework",
				"${BUILT_PRODUCTS_DIR}/Kingfisher/Kingfisher.framework",
				"${BUILT_PRODUCTS_DIR}/RxCocoa/RxCocoa.framework",
				"${BUILT_PRODUCTS_DIR}/RxSwift/RxSwift.framework",
				"${BUILT_PRODUCTS_DIR}/SwiftyJSON/SwiftyJSON.framework",
			);
			name = "[CP] Embed Pods Frameworks";
			outputPaths = (
				"${TARGET_BUILD_DIR}/${FRAMEWORKS_FOLDER_PATH}/ActiveLabel.framework",
				"${TARGET_BUILD_DIR}/${FRAMEWORKS_FOLDER_PATH}/Alamofire.framework",
				"${TARGET_BUILD_DIR}/${FRAMEWORKS_FOLDER_PATH}/Async.framework",
				"${TARGET_BUILD_DIR}/${FRAMEWORKS_FOLDER_PATH}/CryptoSwift.framework",
				"${TARGET_BUILD_DIR}/${FRAMEWORKS_FOLDER_PATH}/Kingfisher.framework",
				"${TARGET_BUILD_DIR}/${FRAMEWORKS_FOLDER_PATH}/RxCocoa.framework",
				"${TARGET_BUILD_DIR}/${FRAMEWORKS_FOLDER_PATH}/RxSwift.framework",
				"${TARGET_BUILD_DIR}/${FRAMEWORKS_FOLDER_PATH}/SwiftyJSON.framework",
			);
			runOnlyForDeploymentPostprocessing = 0;
			shellPath = /bin/sh;
			shellScript = "\"${SRCROOT}/Pods/Target Support Files/Pods-Pulse/Pods-Pulse-frameworks.sh\"\n";
			showEnvVarsInLog = 0;
		};
		8ABC705D48DBA8B1DC815AD6 /* [CP] Copy Pods Resources */ = {
			isa = PBXShellScriptBuildPhase;
			buildActionMask = 2147483647;
			files = (
			);
			inputPaths = (
			);
			name = "[CP] Copy Pods Resources";
			outputPaths = (
			);
			runOnlyForDeploymentPostprocessing = 0;
			shellPath = /bin/sh;
			shellScript = "\"${SRCROOT}/Pods/Target Support Files/Pods-PulseUITests/Pods-PulseUITests-resources.sh\"\n";
			showEnvVarsInLog = 0;
		};
		C04E1A4DD6A09773416EEABC /* [CP] Check Pods Manifest.lock */ = {
			isa = PBXShellScriptBuildPhase;
			buildActionMask = 2147483647;
			files = (
			);
			inputPaths = (
				"${PODS_PODFILE_DIR_PATH}/Podfile.lock",
				"${PODS_ROOT}/Manifest.lock",
			);
			name = "[CP] Check Pods Manifest.lock";
			outputPaths = (
				"$(DERIVED_FILE_DIR)/Pods-Pulse-checkManifestLockResult.txt",
			);
			runOnlyForDeploymentPostprocessing = 0;
			shellPath = /bin/sh;
			shellScript = "diff \"${PODS_PODFILE_DIR_PATH}/Podfile.lock\" \"${PODS_ROOT}/Manifest.lock\" > /dev/null\nif [ $? != 0 ] ; then\n    # print error to STDERR\n    echo \"error: The sandbox is not in sync with the Podfile.lock. Run 'pod install' or update your CocoaPods installation.\" >&2\n    exit 1\nfi\n# This output is used by Xcode 'outputs' to avoid re-running this script phase.\necho \"SUCCESS\" > \"${SCRIPT_OUTPUT_FILE_0}\"\n";
			showEnvVarsInLog = 0;
		};
/* End PBXShellScriptBuildPhase section */

/* Begin PBXSourcesBuildPhase section */
		A32380711FF918E5000321B5 /* Sources */ = {
			isa = PBXSourcesBuildPhase;
			buildActionMask = 2147483647;
			files = (
				A385EDF1200031C6000C3F25 /* SectionViewGenerator.swift in Sources */,
				A385EDED20002C55000C3F25 /* CellIdentifier.swift in Sources */,
				A3A47FED1FFAE61800F72313 /* DataRequest.swift in Sources */,
				A3E8E5441FFE893D00FB6CCA /* BaseRoute.swift in Sources */,
				A3E8E5531FFEB07200FB6CCA /* SentMessageTableViewCell.swift in Sources */,
				A37EEDD81FFBBE7300DC0B23 /* Account.swift in Sources */,
				A3E8E5461FFE8ADC00FB6CCA /* AccountsRoute.swift in Sources */,
				A3CBFDED1FFC25A600B439C4 /* ColorUtils.swift in Sources */,
				A3CBFDEA1FFC1E6B00B439C4 /* ConversationTableViewController.swift in Sources */,
				A3E8E5421FFE892F00FB6CCA /* ConversationsRoute.swift in Sources */,
				A3A47FE11FFAD03800F72313 /* PulseApi.swift in Sources */,
				A385EDEF20002F02000C3F25 /* SwipeActionGenerator.swift in Sources */,
				A3ABB64A1FFD7665009ECADC /* ConversationSection.swift in Sources */,
				A3A47FEA1FFAE5C600F72313 /* ResponseCollectionSerializable.swift in Sources */,
				A3094337200257A000C86DA6 /* MediaTableViewCell.swift in Sources */,
				A3CBFDF11FFC308B00B439C4 /* MessengerNavigationController.swift in Sources */,
				A3ABB64E1FFD826F009ECADC /* TimeUtils.swift in Sources */,
				A3E8E5551FFEFB3800FB6CCA /* ViewUtils.swift in Sources */,
				A32380811FF918E5000321B5 /* Pulse.xcdatamodeld in Sources */,
				A3A47FE61FFADE8E00F72313 /* ResponseObjectSerializable.swift in Sources */,
				A37EEDDA1FFBBE8600DC0B23 /* Settings.swift in Sources */,
				A37EEDDF1FFBC2B500DC0B23 /* KeyUtils.swift in Sources */,
				A3CBFDF31FFC311E00B439C4 /* LoginNavigationController.swift in Sources */,
				A3B2B4BF20016F0D00BE0CCC /* SentImageTableViewCell.swift in Sources */,
				A3A47FE81FFADEFF00F72313 /* BackendError.swift in Sources */,
				A3CBFDEF1FFC260700B439C4 /* ImageUtils.swift in Sources */,
				A3B2B4BD20016EFB00BE0CCC /* ReceivedImageTableViewCell.swift in Sources */,
				A37EEDDD1FFBC2A600DC0B23 /* EncryptionUtils.swift in Sources */,
				A3ABB64C1FFD7D4F009ECADC /* DataProvider.swift in Sources */,
				A3E8E5481FFEA97F00FB6CCA /* Message.swift in Sources */,
				A3E8E5511FFEB06800FB6CCA /* MessageTableViewController.swift in Sources */,
				A323807B1FF918E5000321B5 /* LoginViewController.swift in Sources */,
				A385EDEA1FFFF5AE000C3F25 /* MessageTableViewCell.swift in Sources */,
				A32380791FF918E5000321B5 /* AppDelegate.swift in Sources */,
				A3A47FEF1FFAE65200F72313 /* Conversation.swift in Sources */,
				A385EDE81FFFF3BC000C3F25 /* ReceivedMessageTableViewCell.swift in Sources */,
				A3B2B4B720010AA100BE0CCC /* AppOpenedUpdateHelper.swift in Sources */,
				A3E8E54C1FFEAB4000FB6CCA /* MessagesRoute.swift in Sources */,
				A3A47FE41FFADDF900F72313 /* LoginResponse.swift in Sources */,
				A3CBFDE71FFC1BDD00B439C4 /* ConversationTableViewCell.swift in Sources */,
			);
			runOnlyForDeploymentPostprocessing = 0;
		};
		A32380881FF918E5000321B5 /* Sources */ = {
			isa = PBXSourcesBuildPhase;
			buildActionMask = 2147483647;
			files = (
				A32380911FF918E5000321B5 /* PulseTests.swift in Sources */,
			);
			runOnlyForDeploymentPostprocessing = 0;
		};
		A32380931FF918E5000321B5 /* Sources */ = {
			isa = PBXSourcesBuildPhase;
			buildActionMask = 2147483647;
			files = (
				A323809C1FF918E5000321B5 /* PulseUITests.swift in Sources */,
			);
			runOnlyForDeploymentPostprocessing = 0;
		};
/* End PBXSourcesBuildPhase section */

/* Begin PBXTargetDependency section */
		A323808E1FF918E5000321B5 /* PBXTargetDependency */ = {
			isa = PBXTargetDependency;
			target = A32380741FF918E5000321B5 /* Pulse */;
			targetProxy = A323808D1FF918E5000321B5 /* PBXContainerItemProxy */;
		};
		A32380991FF918E5000321B5 /* PBXTargetDependency */ = {
			isa = PBXTargetDependency;
			target = A32380741FF918E5000321B5 /* Pulse */;
			targetProxy = A32380981FF918E5000321B5 /* PBXContainerItemProxy */;
		};
/* End PBXTargetDependency section */

/* Begin PBXVariantGroup section */
		A323807C1FF918E5000321B5 /* Main.storyboard */ = {
			isa = PBXVariantGroup;
			children = (
				A323807D1FF918E5000321B5 /* Base */,
			);
			name = Main.storyboard;
			sourceTree = "<group>";
		};
		A32380841FF918E5000321B5 /* LaunchScreen.storyboard */ = {
			isa = PBXVariantGroup;
			children = (
				A32380851FF918E5000321B5 /* Base */,
			);
			name = LaunchScreen.storyboard;
			sourceTree = "<group>";
		};
/* End PBXVariantGroup section */

/* Begin XCBuildConfiguration section */
		A323809E1FF918E5000321B5 /* Debug */ = {
			isa = XCBuildConfiguration;
			buildSettings = {
				ALWAYS_SEARCH_USER_PATHS = NO;
				CLANG_ANALYZER_NONNULL = YES;
				CLANG_ANALYZER_NUMBER_OBJECT_CONVERSION = YES_AGGRESSIVE;
				CLANG_CXX_LANGUAGE_STANDARD = "gnu++14";
				CLANG_CXX_LIBRARY = "libc++";
				CLANG_ENABLE_MODULES = YES;
				CLANG_ENABLE_OBJC_ARC = YES;
				CLANG_WARN_BLOCK_CAPTURE_AUTORELEASING = YES;
				CLANG_WARN_BOOL_CONVERSION = YES;
				CLANG_WARN_COMMA = YES;
				CLANG_WARN_CONSTANT_CONVERSION = YES;
				CLANG_WARN_DIRECT_OBJC_ISA_USAGE = YES_ERROR;
				CLANG_WARN_DOCUMENTATION_COMMENTS = YES;
				CLANG_WARN_EMPTY_BODY = YES;
				CLANG_WARN_ENUM_CONVERSION = YES;
				CLANG_WARN_INFINITE_RECURSION = YES;
				CLANG_WARN_INT_CONVERSION = YES;
				CLANG_WARN_NON_LITERAL_NULL_CONVERSION = YES;
				CLANG_WARN_OBJC_LITERAL_CONVERSION = YES;
				CLANG_WARN_OBJC_ROOT_CLASS = YES_ERROR;
				CLANG_WARN_RANGE_LOOP_ANALYSIS = YES;
				CLANG_WARN_STRICT_PROTOTYPES = YES;
				CLANG_WARN_SUSPICIOUS_MOVE = YES;
				CLANG_WARN_UNGUARDED_AVAILABILITY = YES_AGGRESSIVE;
				CLANG_WARN_UNREACHABLE_CODE = YES;
				CLANG_WARN__DUPLICATE_METHOD_MATCH = YES;
				CODE_SIGN_IDENTITY = "iPhone Developer";
				COPY_PHASE_STRIP = NO;
				DEBUG_INFORMATION_FORMAT = dwarf;
				ENABLE_STRICT_OBJC_MSGSEND = YES;
				ENABLE_TESTABILITY = YES;
				GCC_C_LANGUAGE_STANDARD = gnu11;
				GCC_DYNAMIC_NO_PIC = NO;
				GCC_NO_COMMON_BLOCKS = YES;
				GCC_OPTIMIZATION_LEVEL = 0;
				GCC_PREPROCESSOR_DEFINITIONS = (
					"DEBUG=1",
					"$(inherited)",
				);
				GCC_WARN_64_TO_32_BIT_CONVERSION = YES;
				GCC_WARN_ABOUT_RETURN_TYPE = YES_ERROR;
				GCC_WARN_UNDECLARED_SELECTOR = YES;
				GCC_WARN_UNINITIALIZED_AUTOS = YES_AGGRESSIVE;
				GCC_WARN_UNUSED_FUNCTION = YES;
				GCC_WARN_UNUSED_VARIABLE = YES;
				IPHONEOS_DEPLOYMENT_TARGET = 11.2;
				MTL_ENABLE_DEBUG_INFO = YES;
				ONLY_ACTIVE_ARCH = YES;
				SDKROOT = iphoneos;
				SWIFT_ACTIVE_COMPILATION_CONDITIONS = DEBUG;
				SWIFT_OPTIMIZATION_LEVEL = "-Onone";
			};
			name = Debug;
		};
		A323809F1FF918E5000321B5 /* Release */ = {
			isa = XCBuildConfiguration;
			buildSettings = {
				ALWAYS_SEARCH_USER_PATHS = NO;
				CLANG_ANALYZER_NONNULL = YES;
				CLANG_ANALYZER_NUMBER_OBJECT_CONVERSION = YES_AGGRESSIVE;
				CLANG_CXX_LANGUAGE_STANDARD = "gnu++14";
				CLANG_CXX_LIBRARY = "libc++";
				CLANG_ENABLE_MODULES = YES;
				CLANG_ENABLE_OBJC_ARC = YES;
				CLANG_WARN_BLOCK_CAPTURE_AUTORELEASING = YES;
				CLANG_WARN_BOOL_CONVERSION = YES;
				CLANG_WARN_COMMA = YES;
				CLANG_WARN_CONSTANT_CONVERSION = YES;
				CLANG_WARN_DIRECT_OBJC_ISA_USAGE = YES_ERROR;
				CLANG_WARN_DOCUMENTATION_COMMENTS = YES;
				CLANG_WARN_EMPTY_BODY = YES;
				CLANG_WARN_ENUM_CONVERSION = YES;
				CLANG_WARN_INFINITE_RECURSION = YES;
				CLANG_WARN_INT_CONVERSION = YES;
				CLANG_WARN_NON_LITERAL_NULL_CONVERSION = YES;
				CLANG_WARN_OBJC_LITERAL_CONVERSION = YES;
				CLANG_WARN_OBJC_ROOT_CLASS = YES_ERROR;
				CLANG_WARN_RANGE_LOOP_ANALYSIS = YES;
				CLANG_WARN_STRICT_PROTOTYPES = YES;
				CLANG_WARN_SUSPICIOUS_MOVE = YES;
				CLANG_WARN_UNGUARDED_AVAILABILITY = YES_AGGRESSIVE;
				CLANG_WARN_UNREACHABLE_CODE = YES;
				CLANG_WARN__DUPLICATE_METHOD_MATCH = YES;
				CODE_SIGN_IDENTITY = "iPhone Developer";
				COPY_PHASE_STRIP = NO;
				DEBUG_INFORMATION_FORMAT = "dwarf-with-dsym";
				ENABLE_NS_ASSERTIONS = NO;
				ENABLE_STRICT_OBJC_MSGSEND = YES;
				GCC_C_LANGUAGE_STANDARD = gnu11;
				GCC_NO_COMMON_BLOCKS = YES;
				GCC_WARN_64_TO_32_BIT_CONVERSION = YES;
				GCC_WARN_ABOUT_RETURN_TYPE = YES_ERROR;
				GCC_WARN_UNDECLARED_SELECTOR = YES;
				GCC_WARN_UNINITIALIZED_AUTOS = YES_AGGRESSIVE;
				GCC_WARN_UNUSED_FUNCTION = YES;
				GCC_WARN_UNUSED_VARIABLE = YES;
				IPHONEOS_DEPLOYMENT_TARGET = 11.2;
				MTL_ENABLE_DEBUG_INFO = NO;
				SDKROOT = iphoneos;
				SWIFT_OPTIMIZATION_LEVEL = "-Owholemodule";
				VALIDATE_PRODUCT = YES;
			};
			name = Release;
		};
		A32380A11FF918E5000321B5 /* Debug */ = {
			isa = XCBuildConfiguration;
			baseConfigurationReference = 6CD7F1BD777973ACAD94A5E0 /* Pods-Pulse.debug.xcconfig */;
			buildSettings = {
				ASSETCATALOG_COMPILER_APPICON_NAME = AppIcon;
				CODE_SIGN_STYLE = Automatic;
				DEVELOPMENT_TEAM = Y25FUBEE67;
				INFOPLIST_FILE = Pulse/Info.plist;
				LD_RUNPATH_SEARCH_PATHS = "$(inherited) @executable_path/Frameworks";
				PRODUCT_BUNDLE_IDENTIFIER = xyz.klinker.messenger;
				PRODUCT_NAME = "$(TARGET_NAME)";
				SWIFT_VERSION = 4.0;
				TARGETED_DEVICE_FAMILY = "1,2";
			};
			name = Debug;
		};
		A32380A21FF918E5000321B5 /* Release */ = {
			isa = XCBuildConfiguration;
			baseConfigurationReference = 609BD10075FC175689E3AFCE /* Pods-Pulse.release.xcconfig */;
			buildSettings = {
				ASSETCATALOG_COMPILER_APPICON_NAME = AppIcon;
				CODE_SIGN_STYLE = Automatic;
				DEVELOPMENT_TEAM = Y25FUBEE67;
				INFOPLIST_FILE = Pulse/Info.plist;
				LD_RUNPATH_SEARCH_PATHS = "$(inherited) @executable_path/Frameworks";
				PRODUCT_BUNDLE_IDENTIFIER = xyz.klinker.messenger;
				PRODUCT_NAME = "$(TARGET_NAME)";
				SWIFT_VERSION = 4.0;
				TARGETED_DEVICE_FAMILY = "1,2";
			};
			name = Release;
		};
		A32380A41FF918E5000321B5 /* Debug */ = {
			isa = XCBuildConfiguration;
			baseConfigurationReference = 3C02D50C1072955985FB5BCA /* Pods-PulseTests.debug.xcconfig */;
			buildSettings = {
				ALWAYS_EMBED_SWIFT_STANDARD_LIBRARIES = YES;
				BUNDLE_LOADER = "$(TEST_HOST)";
				CODE_SIGN_STYLE = Automatic;
				DEVELOPMENT_TEAM = Y25FUBEE67;
				INFOPLIST_FILE = PulseTests/Info.plist;
				LD_RUNPATH_SEARCH_PATHS = "$(inherited) @executable_path/Frameworks @loader_path/Frameworks";
				PRODUCT_BUNDLE_IDENTIFIER = xyz.klinker.PulseTests;
				PRODUCT_NAME = "$(TARGET_NAME)";
				SWIFT_VERSION = 4.0;
				TARGETED_DEVICE_FAMILY = "1,2";
				TEST_HOST = "$(BUILT_PRODUCTS_DIR)/Pulse.app/Pulse";
			};
			name = Debug;
		};
		A32380A51FF918E5000321B5 /* Release */ = {
			isa = XCBuildConfiguration;
			baseConfigurationReference = 8F24AAF75098E94A910D56A5 /* Pods-PulseTests.release.xcconfig */;
			buildSettings = {
				ALWAYS_EMBED_SWIFT_STANDARD_LIBRARIES = YES;
				BUNDLE_LOADER = "$(TEST_HOST)";
				CODE_SIGN_STYLE = Automatic;
				DEVELOPMENT_TEAM = Y25FUBEE67;
				INFOPLIST_FILE = PulseTests/Info.plist;
				LD_RUNPATH_SEARCH_PATHS = "$(inherited) @executable_path/Frameworks @loader_path/Frameworks";
				PRODUCT_BUNDLE_IDENTIFIER = xyz.klinker.PulseTests;
				PRODUCT_NAME = "$(TARGET_NAME)";
				SWIFT_VERSION = 4.0;
				TARGETED_DEVICE_FAMILY = "1,2";
				TEST_HOST = "$(BUILT_PRODUCTS_DIR)/Pulse.app/Pulse";
			};
			name = Release;
		};
		A32380A71FF918E5000321B5 /* Debug */ = {
			isa = XCBuildConfiguration;
			baseConfigurationReference = 87838B626A0453639181E815 /* Pods-PulseUITests.debug.xcconfig */;
			buildSettings = {
				ALWAYS_EMBED_SWIFT_STANDARD_LIBRARIES = YES;
				CODE_SIGN_STYLE = Automatic;
				DEVELOPMENT_TEAM = Y25FUBEE67;
				INFOPLIST_FILE = PulseUITests/Info.plist;
				LD_RUNPATH_SEARCH_PATHS = "$(inherited) @executable_path/Frameworks @loader_path/Frameworks";
				PRODUCT_BUNDLE_IDENTIFIER = xyz.klinker.PulseUITests;
				PRODUCT_NAME = "$(TARGET_NAME)";
				SWIFT_VERSION = 4.0;
				TARGETED_DEVICE_FAMILY = "1,2";
				TEST_TARGET_NAME = Pulse;
			};
			name = Debug;
		};
		A32380A81FF918E5000321B5 /* Release */ = {
			isa = XCBuildConfiguration;
			baseConfigurationReference = 3E5CE5749DE78EBF733EE622 /* Pods-PulseUITests.release.xcconfig */;
			buildSettings = {
				ALWAYS_EMBED_SWIFT_STANDARD_LIBRARIES = YES;
				CODE_SIGN_STYLE = Automatic;
				DEVELOPMENT_TEAM = Y25FUBEE67;
				INFOPLIST_FILE = PulseUITests/Info.plist;
				LD_RUNPATH_SEARCH_PATHS = "$(inherited) @executable_path/Frameworks @loader_path/Frameworks";
				PRODUCT_BUNDLE_IDENTIFIER = xyz.klinker.PulseUITests;
				PRODUCT_NAME = "$(TARGET_NAME)";
				SWIFT_VERSION = 4.0;
				TARGETED_DEVICE_FAMILY = "1,2";
				TEST_TARGET_NAME = Pulse;
			};
			name = Release;
		};
/* End XCBuildConfiguration section */

/* Begin XCConfigurationList section */
		A32380701FF918E5000321B5 /* Build configuration list for PBXProject "Pulse" */ = {
			isa = XCConfigurationList;
			buildConfigurations = (
				A323809E1FF918E5000321B5 /* Debug */,
				A323809F1FF918E5000321B5 /* Release */,
			);
			defaultConfigurationIsVisible = 0;
			defaultConfigurationName = Release;
		};
		A32380A01FF918E5000321B5 /* Build configuration list for PBXNativeTarget "Pulse" */ = {
			isa = XCConfigurationList;
			buildConfigurations = (
				A32380A11FF918E5000321B5 /* Debug */,
				A32380A21FF918E5000321B5 /* Release */,
			);
			defaultConfigurationIsVisible = 0;
			defaultConfigurationName = Release;
		};
		A32380A31FF918E5000321B5 /* Build configuration list for PBXNativeTarget "PulseTests" */ = {
			isa = XCConfigurationList;
			buildConfigurations = (
				A32380A41FF918E5000321B5 /* Debug */,
				A32380A51FF918E5000321B5 /* Release */,
			);
			defaultConfigurationIsVisible = 0;
			defaultConfigurationName = Release;
		};
		A32380A61FF918E5000321B5 /* Build configuration list for PBXNativeTarget "PulseUITests" */ = {
			isa = XCConfigurationList;
			buildConfigurations = (
				A32380A71FF918E5000321B5 /* Debug */,
				A32380A81FF918E5000321B5 /* Release */,
			);
			defaultConfigurationIsVisible = 0;
			defaultConfigurationName = Release;
		};
/* End XCConfigurationList section */

/* Begin XCVersionGroup section */
		A323807F1FF918E5000321B5 /* Pulse.xcdatamodeld */ = {
			isa = XCVersionGroup;
			children = (
				A32380801FF918E5000321B5 /* Pulse.xcdatamodel */,
			);
			currentVersion = A32380801FF918E5000321B5 /* Pulse.xcdatamodel */;
			path = Pulse.xcdatamodeld;
			sourceTree = "<group>";
			versionGroupType = wrapper.xcdatamodel;
		};
/* End XCVersionGroup section */
	};
	rootObject = A323806D1FF918E5000321B5 /* Project object */;
}
